// !$*UTF8*$!
{
	archiveVersion = 1;
	classes = {
	};
	objectVersion = 48;
	objects = {

/* Begin PBXBuildFile section */
		7F08A2BE2163717B000A9E20 /* Cartfile in Resources */ = {isa = PBXBuildFile; fileRef = 7F08A2BD2163717B000A9E20 /* Cartfile */; };
		7F08A2C121637586000A9E20 /* Alamofire.framework in Frameworks */ = {isa = PBXBuildFile; fileRef = 7F08A2C021637586000A9E20 /* Alamofire.framework */; };
		7F8E0B3820528119008F972A /* AppDelegate.swift in Sources */ = {isa = PBXBuildFile; fileRef = 7F8E0B3720528119008F972A /* AppDelegate.swift */; };
		7F8E0B3A20528119008F972A /* MasterViewController.swift in Sources */ = {isa = PBXBuildFile; fileRef = 7F8E0B3920528119008F972A /* MasterViewController.swift */; };
		7F8E0B3C20528119008F972A /* DetailViewController.swift in Sources */ = {isa = PBXBuildFile; fileRef = 7F8E0B3B20528119008F972A /* DetailViewController.swift */; };
		7F8E0B3F20528119008F972A /* Main.storyboard in Resources */ = {isa = PBXBuildFile; fileRef = 7F8E0B3D20528119008F972A /* Main.storyboard */; };
		7F8E0B4120528119008F972A /* Assets.xcassets in Resources */ = {isa = PBXBuildFile; fileRef = 7F8E0B4020528119008F972A /* Assets.xcassets */; };
		7F8E0B4420528119008F972A /* LaunchScreen.storyboard in Resources */ = {isa = PBXBuildFile; fileRef = 7F8E0B4220528119008F972A /* LaunchScreen.storyboard */; };
		7F8E0B4F20528119008F972A /* app1Tests.swift in Sources */ = {isa = PBXBuildFile; fileRef = 7F8E0B4E20528119008F972A /* app1Tests.swift */; };
		7F8E0B5A20528119008F972A /* app1UITests.swift in Sources */ = {isa = PBXBuildFile; fileRef = 7F8E0B5920528119008F972A /* app1UITests.swift */; };
/* End PBXBuildFile section */

/* Begin PBXContainerItemProxy section */
		7F8E0B4B20528119008F972A /* PBXContainerItemProxy */ = {
			isa = PBXContainerItemProxy;
			containerPortal = 7F8E0B2C20528119008F972A /* Project object */;
			proxyType = 1;
			remoteGlobalIDString = 7F8E0B3320528119008F972A;
			remoteInfo = app1;
		};
		7F8E0B5620528119008F972A /* PBXContainerItemProxy */ = {
			isa = PBXContainerItemProxy;
			containerPortal = 7F8E0B2C20528119008F972A /* Project object */;
			proxyType = 1;
			remoteGlobalIDString = 7F8E0B3320528119008F972A;
			remoteInfo = app1;
		};
/* End PBXContainerItemProxy section */

/* Begin PBXFileReference section */
		7F08A2BD2163717B000A9E20 /* Cartfile */ = {isa = PBXFileReference; lastKnownFileType = text; path = Cartfile; sourceTree = "<group>"; };
		7F08A2C021637586000A9E20 /* Alamofire.framework */ = {isa = PBXFileReference; lastKnownFileType = wrapper.framework; name = Alamofire.framework; path = Carthage/Build/iOS/Alamofire.framework; sourceTree = SOURCE_ROOT; };
		7F8E0B3420528119008F972A /* app1.app */ = {isa = PBXFileReference; explicitFileType = wrapper.application; includeInIndex = 0; path = app1.app; sourceTree = BUILT_PRODUCTS_DIR; };
		7F8E0B3720528119008F972A /* AppDelegate.swift */ = {isa = PBXFileReference; lastKnownFileType = sourcecode.swift; path = AppDelegate.swift; sourceTree = "<group>"; };
		7F8E0B3920528119008F972A /* MasterViewController.swift */ = {isa = PBXFileReference; lastKnownFileType = sourcecode.swift; path = MasterViewController.swift; sourceTree = "<group>"; };
		7F8E0B3B20528119008F972A /* DetailViewController.swift */ = {isa = PBXFileReference; lastKnownFileType = sourcecode.swift; path = DetailViewController.swift; sourceTree = "<group>"; };
		7F8E0B3E20528119008F972A /* Base */ = {isa = PBXFileReference; lastKnownFileType = file.storyboard; name = Base; path = Base.lproj/Main.storyboard; sourceTree = "<group>"; };
		7F8E0B4020528119008F972A /* Assets.xcassets */ = {isa = PBXFileReference; lastKnownFileType = folder.assetcatalog; path = Assets.xcassets; sourceTree = "<group>"; };
		7F8E0B4320528119008F972A /* Base */ = {isa = PBXFileReference; lastKnownFileType = file.storyboard; name = Base; path = Base.lproj/LaunchScreen.storyboard; sourceTree = "<group>"; };
		7F8E0B4520528119008F972A /* Info.plist */ = {isa = PBXFileReference; lastKnownFileType = text.plist.xml; path = Info.plist; sourceTree = "<group>"; };
		7F8E0B4A20528119008F972A /* app1Tests.xctest */ = {isa = PBXFileReference; explicitFileType = wrapper.cfbundle; includeInIndex = 0; path = app1Tests.xctest; sourceTree = BUILT_PRODUCTS_DIR; };
		7F8E0B4E20528119008F972A /* app1Tests.swift */ = {isa = PBXFileReference; lastKnownFileType = sourcecode.swift; path = app1Tests.swift; sourceTree = "<group>"; };
		7F8E0B5020528119008F972A /* Info.plist */ = {isa = PBXFileReference; lastKnownFileType = text.plist.xml; path = Info.plist; sourceTree = "<group>"; };
		7F8E0B5520528119008F972A /* app1UITests.xctest */ = {isa = PBXFileReference; explicitFileType = wrapper.cfbundle; includeInIndex = 0; path = app1UITests.xctest; sourceTree = BUILT_PRODUCTS_DIR; };
		7F8E0B5920528119008F972A /* app1UITests.swift */ = {isa = PBXFileReference; lastKnownFileType = sourcecode.swift; path = app1UITests.swift; sourceTree = "<group>"; };
		7F8E0B5B20528119008F972A /* Info.plist */ = {isa = PBXFileReference; lastKnownFileType = text.plist.xml; path = Info.plist; sourceTree = "<group>"; };
/* End PBXFileReference section */

/* Begin PBXFrameworksBuildPhase section */
		7F8E0B3120528119008F972A /* Frameworks */ = {
			isa = PBXFrameworksBuildPhase;
			buildActionMask = 2147483647;
			files = (
				7F08A2C121637586000A9E20 /* Alamofire.framework in Frameworks */,
			);
			runOnlyForDeploymentPostprocessing = 0;
		};
		7F8E0B4720528119008F972A /* Frameworks */ = {
			isa = PBXFrameworksBuildPhase;
			buildActionMask = 2147483647;
			files = (
			);
			runOnlyForDeploymentPostprocessing = 0;
		};
		7F8E0B5220528119008F972A /* Frameworks */ = {
			isa = PBXFrameworksBuildPhase;
			buildActionMask = 2147483647;
			files = (
			);
			runOnlyForDeploymentPostprocessing = 0;
		};
/* End PBXFrameworksBuildPhase section */

/* Begin PBXGroup section */
		7F08A2BF2163743D000A9E20 /* Frameworks */ = {
			isa = PBXGroup;
			children = (
				7F08A2C021637586000A9E20 /* Alamofire.framework */,
			);
			path = Frameworks;
			sourceTree = "<group>";
		};
		7F8E0B2B20528119008F972A = {
			isa = PBXGroup;
			children = (
				7F08A2BF2163743D000A9E20 /* Frameworks */,
				7F08A2BD2163717B000A9E20 /* Cartfile */,
				7F8E0B3620528119008F972A /* app1 */,
				7F8E0B4D20528119008F972A /* app1Tests */,
				7F8E0B5820528119008F972A /* app1UITests */,
				7F8E0B3520528119008F972A /* Products */,
			);
			sourceTree = "<group>";
		};
		7F8E0B3520528119008F972A /* Products */ = {
			isa = PBXGroup;
			children = (
				7F8E0B3420528119008F972A /* app1.app */,
				7F8E0B4A20528119008F972A /* app1Tests.xctest */,
				7F8E0B5520528119008F972A /* app1UITests.xctest */,
			);
			name = Products;
			sourceTree = "<group>";
		};
		7F8E0B3620528119008F972A /* app1 */ = {
			isa = PBXGroup;
			children = (
				7F8E0B3720528119008F972A /* AppDelegate.swift */,
				7F8E0B3920528119008F972A /* MasterViewController.swift */,
				7F8E0B3B20528119008F972A /* DetailViewController.swift */,
				7F8E0B3D20528119008F972A /* Main.storyboard */,
				7F8E0B4020528119008F972A /* Assets.xcassets */,
				7F8E0B4220528119008F972A /* LaunchScreen.storyboard */,
				7F8E0B4520528119008F972A /* Info.plist */,
			);
			path = app1;
			sourceTree = "<group>";
		};
		7F8E0B4D20528119008F972A /* app1Tests */ = {
			isa = PBXGroup;
			children = (
				7F8E0B4E20528119008F972A /* app1Tests.swift */,
				7F8E0B5020528119008F972A /* Info.plist */,
			);
			path = app1Tests;
			sourceTree = "<group>";
		};
		7F8E0B5820528119008F972A /* app1UITests */ = {
			isa = PBXGroup;
			children = (
				7F8E0B5920528119008F972A /* app1UITests.swift */,
				7F8E0B5B20528119008F972A /* Info.plist */,
			);
			path = app1UITests;
			sourceTree = "<group>";
		};
/* End PBXGroup section */

/* Begin PBXNativeTarget section */
		7F8E0B3320528119008F972A /* app1 */ = {
			isa = PBXNativeTarget;
			buildConfigurationList = 7F8E0B5E20528119008F972A /* Build configuration list for PBXNativeTarget "app1" */;
			buildPhases = (
				7F8E0B3020528119008F972A /* Sources */,
				7F8E0B3120528119008F972A /* Frameworks */,
				7F8E0B3220528119008F972A /* Resources */,
			);
			buildRules = (
			);
			dependencies = (
			);
			name = app1;
			productName = app1;
			productReference = 7F8E0B3420528119008F972A /* app1.app */;
			productType = "com.apple.product-type.application";
		};
		7F8E0B4920528119008F972A /* app1Tests */ = {
			isa = PBXNativeTarget;
			buildConfigurationList = 7F8E0B6120528119008F972A /* Build configuration list for PBXNativeTarget "app1Tests" */;
			buildPhases = (
				7F8E0B4620528119008F972A /* Sources */,
				7F8E0B4720528119008F972A /* Frameworks */,
				7F8E0B4820528119008F972A /* Resources */,
			);
			buildRules = (
			);
			dependencies = (
				7F8E0B4C20528119008F972A /* PBXTargetDependency */,
			);
			name = app1Tests;
			productName = app1Tests;
			productReference = 7F8E0B4A20528119008F972A /* app1Tests.xctest */;
			productType = "com.apple.product-type.bundle.unit-test";
		};
		7F8E0B5420528119008F972A /* app1UITests */ = {
			isa = PBXNativeTarget;
			buildConfigurationList = 7F8E0B6420528119008F972A /* Build configuration list for PBXNativeTarget "app1UITests" */;
			buildPhases = (
				7F8E0B5120528119008F972A /* Sources */,
				7F8E0B5220528119008F972A /* Frameworks */,
				7F8E0B5320528119008F972A /* Resources */,
			);
			buildRules = (
			);
			dependencies = (
				7F8E0B5720528119008F972A /* PBXTargetDependency */,
			);
			name = app1UITests;
			productName = app1UITests;
			productReference = 7F8E0B5520528119008F972A /* app1UITests.xctest */;
			productType = "com.apple.product-type.bundle.ui-testing";
		};
/* End PBXNativeTarget section */

/* Begin PBXProject section */
		7F8E0B2C20528119008F972A /* Project object */ = {
			isa = PBXProject;
			attributes = {
				LastSwiftUpdateCheck = 0920;
				LastUpgradeCheck = 0930;
				ORGANIZATIONNAME = "Tony Rivera";
				TargetAttributes = {
					7F8E0B3320528119008F972A = {
						CreatedOnToolsVersion = 9.2;
						LastSwiftMigration = 1000;
						ProvisioningStyle = Automatic;
					};
					7F8E0B4920528119008F972A = {
						CreatedOnToolsVersion = 9.2;
						LastSwiftMigration = 1000;
						ProvisioningStyle = Automatic;
						TestTargetID = 7F8E0B3320528119008F972A;
					};
					7F8E0B5420528119008F972A = {
						CreatedOnToolsVersion = 9.2;
						LastSwiftMigration = 1000;
						ProvisioningStyle = Automatic;
						TestTargetID = 7F8E0B3320528119008F972A;
					};
				};
			};
			buildConfigurationList = 7F8E0B2F20528119008F972A /* Build configuration list for PBXProject "app1" */;
			compatibilityVersion = "Xcode 8.0";
			developmentRegion = en;
			hasScannedForEncodings = 0;
			knownRegions = (
				en,
				Base,
			);
			mainGroup = 7F8E0B2B20528119008F972A;
			productRefGroup = 7F8E0B3520528119008F972A /* Products */;
			projectDirPath = "";
			projectRoot = "";
			targets = (
				7F8E0B3320528119008F972A /* app1 */,
				7F8E0B4920528119008F972A /* app1Tests */,
				7F8E0B5420528119008F972A /* app1UITests */,
			);
		};
/* End PBXProject section */

/* Begin PBXResourcesBuildPhase section */
		7F8E0B3220528119008F972A /* Resources */ = {
			isa = PBXResourcesBuildPhase;
			buildActionMask = 2147483647;
			files = (
				7F8E0B4420528119008F972A /* LaunchScreen.storyboard in Resources */,
				7F8E0B4120528119008F972A /* Assets.xcassets in Resources */,
				7F08A2BE2163717B000A9E20 /* Cartfile in Resources */,
				7F8E0B3F20528119008F972A /* Main.storyboard in Resources */,
			);
			runOnlyForDeploymentPostprocessing = 0;
		};
		7F8E0B4820528119008F972A /* Resources */ = {
			isa = PBXResourcesBuildPhase;
			buildActionMask = 2147483647;
			files = (
			);
			runOnlyForDeploymentPostprocessing = 0;
		};
		7F8E0B5320528119008F972A /* Resources */ = {
			isa = PBXResourcesBuildPhase;
			buildActionMask = 2147483647;
			files = (
			);
			runOnlyForDeploymentPostprocessing = 0;
		};
/* End PBXResourcesBuildPhase section */

/* Begin PBXSourcesBuildPhase section */
		7F8E0B3020528119008F972A /* Sources */ = {
			isa = PBXSourcesBuildPhase;
			buildActionMask = 2147483647;
			files = (
				7F8E0B3C20528119008F972A /* DetailViewController.swift in Sources */,
				7F8E0B3A20528119008F972A /* MasterViewController.swift in Sources */,
				7F8E0B3820528119008F972A /* AppDelegate.swift in Sources */,
			);
			runOnlyForDeploymentPostprocessing = 0;
		};
		7F8E0B4620528119008F972A /* Sources */ = {
			isa = PBXSourcesBuildPhase;
			buildActionMask = 2147483647;
			files = (
				7F8E0B4F20528119008F972A /* app1Tests.swift in Sources */,
			);
			runOnlyForDeploymentPostprocessing = 0;
		};
		7F8E0B5120528119008F972A /* Sources */ = {
			isa = PBXSourcesBuildPhase;
			buildActionMask = 2147483647;
			files = (
				7F8E0B5A20528119008F972A /* app1UITests.swift in Sources */,
			);
			runOnlyForDeploymentPostprocessing = 0;
		};
/* End PBXSourcesBuildPhase section */

/* Begin PBXTargetDependency section */
		7F8E0B4C20528119008F972A /* PBXTargetDependency */ = {
			isa = PBXTargetDependency;
			target = 7F8E0B3320528119008F972A /* app1 */;
			targetProxy = 7F8E0B4B20528119008F972A /* PBXContainerItemProxy */;
		};
		7F8E0B5720528119008F972A /* PBXTargetDependency */ = {
			isa = PBXTargetDependency;
			target = 7F8E0B3320528119008F972A /* app1 */;
			targetProxy = 7F8E0B5620528119008F972A /* PBXContainerItemProxy */;
		};
/* End PBXTargetDependency section */

/* Begin PBXVariantGroup section */
		7F8E0B3D20528119008F972A /* Main.storyboard */ = {
			isa = PBXVariantGroup;
			children = (
				7F8E0B3E20528119008F972A /* Base */,
			);
			name = Main.storyboard;
			sourceTree = "<group>";
		};
		7F8E0B4220528119008F972A /* LaunchScreen.storyboard */ = {
			isa = PBXVariantGroup;
			children = (
				7F8E0B4320528119008F972A /* Base */,
			);
			name = LaunchScreen.storyboard;
			sourceTree = "<group>";
		};
/* End PBXVariantGroup section */

/* Begin XCBuildConfiguration section */
		7F8E0B5C20528119008F972A /* Debug */ = {
			isa = XCBuildConfiguration;
			buildSettings = {
				ALWAYS_SEARCH_USER_PATHS = NO;
				CLANG_ANALYZER_NONNULL = YES;
				CLANG_ANALYZER_NUMBER_OBJECT_CONVERSION = YES_AGGRESSIVE;
				CLANG_CXX_LANGUAGE_STANDARD = "gnu++14";
				CLANG_CXX_LIBRARY = "libc++";
				CLANG_ENABLE_MODULES = YES;
				CLANG_ENABLE_OBJC_ARC = YES;
				CLANG_WARN_BLOCK_CAPTURE_AUTORELEASING = YES;
				CLANG_WARN_BOOL_CONVERSION = YES;
				CLANG_WARN_COMMA = YES;
				CLANG_WARN_CONSTANT_CONVERSION = YES;
				CLANG_WARN_DEPRECATED_OBJC_IMPLEMENTATIONS = YES;
				CLANG_WARN_DIRECT_OBJC_ISA_USAGE = YES_ERROR;
				CLANG_WARN_DOCUMENTATION_COMMENTS = YES;
				CLANG_WARN_EMPTY_BODY = YES;
				CLANG_WARN_ENUM_CONVERSION = YES;
				CLANG_WARN_INFINITE_RECURSION = YES;
				CLANG_WARN_INT_CONVERSION = YES;
				CLANG_WARN_NON_LITERAL_NULL_CONVERSION = YES;
				CLANG_WARN_OBJC_IMPLICIT_RETAIN_SELF = YES;
				CLANG_WARN_OBJC_LITERAL_CONVERSION = YES;
				CLANG_WARN_OBJC_ROOT_CLASS = YES_ERROR;
				CLANG_WARN_RANGE_LOOP_ANALYSIS = YES;
				CLANG_WARN_STRICT_PROTOTYPES = YES;
				CLANG_WARN_SUSPICIOUS_MOVE = YES;
				CLANG_WARN_UNGUARDED_AVAILABILITY = YES_AGGRESSIVE;
				CLANG_WARN_UNREACHABLE_CODE = YES;
				CLANG_WARN__DUPLICATE_METHOD_MATCH = YES;
				CODE_SIGN_IDENTITY = "iPhone Developer";
				COPY_PHASE_STRIP = NO;
				DEBUG_INFORMATION_FORMAT = dwarf;
				ENABLE_STRICT_OBJC_MSGSEND = YES;
				ENABLE_TESTABILITY = YES;
				GCC_C_LANGUAGE_STANDARD = gnu11;
				GCC_DYNAMIC_NO_PIC = NO;
				GCC_NO_COMMON_BLOCKS = YES;
				GCC_OPTIMIZATION_LEVEL = 0;
				GCC_PREPROCESSOR_DEFINITIONS = (
					"DEBUG=1",
					"$(inherited)",
				);
				GCC_WARN_64_TO_32_BIT_CONVERSION = YES;
				GCC_WARN_ABOUT_RETURN_TYPE = YES_ERROR;
				GCC_WARN_UNDECLARED_SELECTOR = YES;
				GCC_WARN_UNINITIALIZED_AUTOS = YES_AGGRESSIVE;
				GCC_WARN_UNUSED_FUNCTION = YES;
				GCC_WARN_UNUSED_VARIABLE = YES;
				IPHONEOS_DEPLOYMENT_TARGET = 11.2;
				MTL_ENABLE_DEBUG_INFO = YES;
				ONLY_ACTIVE_ARCH = YES;
				SDKROOT = iphoneos;
				SWIFT_ACTIVE_COMPILATION_CONDITIONS = DEBUG;
				SWIFT_OPTIMIZATION_LEVEL = "-Onone";
			};
			name = Debug;
		};
		7F8E0B5D20528119008F972A /* Release */ = {
			isa = XCBuildConfiguration;
			buildSettings = {
				ALWAYS_SEARCH_USER_PATHS = NO;
				CLANG_ANALYZER_NONNULL = YES;
				CLANG_ANALYZER_NUMBER_OBJECT_CONVERSION = YES_AGGRESSIVE;
				CLANG_CXX_LANGUAGE_STANDARD = "gnu++14";
				CLANG_CXX_LIBRARY = "libc++";
				CLANG_ENABLE_MODULES = YES;
				CLANG_ENABLE_OBJC_ARC = YES;
				CLANG_WARN_BLOCK_CAPTURE_AUTORELEASING = YES;
				CLANG_WARN_BOOL_CONVERSION = YES;
				CLANG_WARN_COMMA = YES;
				CLANG_WARN_CONSTANT_CONVERSION = YES;
				CLANG_WARN_DEPRECATED_OBJC_IMPLEMENTATIONS = YES;
				CLANG_WARN_DIRECT_OBJC_ISA_USAGE = YES_ERROR;
				CLANG_WARN_DOCUMENTATION_COMMENTS = YES;
				CLANG_WARN_EMPTY_BODY = YES;
				CLANG_WARN_ENUM_CONVERSION = YES;
				CLANG_WARN_INFINITE_RECURSION = YES;
				CLANG_WARN_INT_CONVERSION = YES;
				CLANG_WARN_NON_LITERAL_NULL_CONVERSION = YES;
				CLANG_WARN_OBJC_IMPLICIT_RETAIN_SELF = YES;
				CLANG_WARN_OBJC_LITERAL_CONVERSION = YES;
				CLANG_WARN_OBJC_ROOT_CLASS = YES_ERROR;
				CLANG_WARN_RANGE_LOOP_ANALYSIS = YES;
				CLANG_WARN_STRICT_PROTOTYPES = YES;
				CLANG_WARN_SUSPICIOUS_MOVE = YES;
				CLANG_WARN_UNGUARDED_AVAILABILITY = YES_AGGRESSIVE;
				CLANG_WARN_UNREACHABLE_CODE = YES;
				CLANG_WARN__DUPLICATE_METHOD_MATCH = YES;
				CODE_SIGN_IDENTITY = "iPhone Developer";
				COPY_PHASE_STRIP = NO;
				DEBUG_INFORMATION_FORMAT = "dwarf-with-dsym";
				ENABLE_NS_ASSERTIONS = NO;
				ENABLE_STRICT_OBJC_MSGSEND = YES;
				GCC_C_LANGUAGE_STANDARD = gnu11;
				GCC_NO_COMMON_BLOCKS = YES;
				GCC_WARN_64_TO_32_BIT_CONVERSION = YES;
				GCC_WARN_ABOUT_RETURN_TYPE = YES_ERROR;
				GCC_WARN_UNDECLARED_SELECTOR = YES;
				GCC_WARN_UNINITIALIZED_AUTOS = YES_AGGRESSIVE;
				GCC_WARN_UNUSED_FUNCTION = YES;
				GCC_WARN_UNUSED_VARIABLE = YES;
				IPHONEOS_DEPLOYMENT_TARGET = 11.2;
				MTL_ENABLE_DEBUG_INFO = NO;
				SDKROOT = iphoneos;
				SWIFT_OPTIMIZATION_LEVEL = "-Owholemodule";
				VALIDATE_PRODUCT = YES;
			};
			name = Release;
		};
		7F8E0B5F20528119008F972A /* Debug */ = {
			isa = XCBuildConfiguration;
			buildSettings = {
				ASSETCATALOG_COMPILER_APPICON_NAME = AppIcon;
				CODE_SIGN_STYLE = Automatic;
				FRAMEWORK_SEARCH_PATHS = (
					"$(inherited)",
					"$(PROJECT_DIR)/Carthage/Build/iOS",
				);
				INFOPLIST_FILE = app1/Info.plist;
				LD_RUNPATH_SEARCH_PATHS = "$(inherited) @executable_path/Frameworks";
				PRODUCT_BUNDLE_IDENTIFIER = com.tonytekinsights.app1;
				PRODUCT_NAME = "$(TARGET_NAME)";
				SWIFT_VERSION = 4.2;
				TARGETED_DEVICE_FAMILY = "1,2";
			};
			name = Debug;
		};
		7F8E0B6020528119008F972A /* Release */ = {
			isa = XCBuildConfiguration;
			buildSettings = {
				ASSETCATALOG_COMPILER_APPICON_NAME = AppIcon;
				CODE_SIGN_STYLE = Automatic;
				FRAMEWORK_SEARCH_PATHS = (
					"$(inherited)",
					"$(PROJECT_DIR)/Carthage/Build/iOS",
				);
				INFOPLIST_FILE = app1/Info.plist;
				LD_RUNPATH_SEARCH_PATHS = "$(inherited) @executable_path/Frameworks";
				PRODUCT_BUNDLE_IDENTIFIER = com.tonytekinsights.app1;
				PRODUCT_NAME = "$(TARGET_NAME)";
				SWIFT_VERSION = 4.2;
				TARGETED_DEVICE_FAMILY = "1,2";
			};
			name = Release;
		};
		7F8E0B6220528119008F972A /* Debug */ = {
			isa = XCBuildConfiguration;
			buildSettings = {
				ALWAYS_EMBED_SWIFT_STANDARD_LIBRARIES = YES;
				BUNDLE_LOADER = "$(TEST_HOST)";
				CODE_SIGN_STYLE = Automatic;
				INFOPLIST_FILE = app1Tests/Info.plist;
				LD_RUNPATH_SEARCH_PATHS = "$(inherited) @executable_path/Frameworks @loader_path/Frameworks";
				PRODUCT_BUNDLE_IDENTIFIER = com.tonytekinsights.app1Tests;
				PRODUCT_NAME = "$(TARGET_NAME)";
				SWIFT_VERSION = 4.2;
				TARGETED_DEVICE_FAMILY = "1,2";
				TEST_HOST = "$(BUILT_PRODUCTS_DIR)/app1.app/app1";
			};
			name = Debug;
		};
		7F8E0B6320528119008F972A /* Release */ = {
			isa = XCBuildConfiguration;
			buildSettings = {
				ALWAYS_EMBED_SWIFT_STANDARD_LIBRARIES = YES;
				BUNDLE_LOADER = "$(TEST_HOST)";
				CODE_SIGN_STYLE = Automatic;
				INFOPLIST_FILE = app1Tests/Info.plist;
				LD_RUNPATH_SEARCH_PATHS = "$(inherited) @executable_path/Frameworks @loader_path/Frameworks";
				PRODUCT_BUNDLE_IDENTIFIER = com.tonytekinsights.app1Tests;
				PRODUCT_NAME = "$(TARGET_NAME)";
				SWIFT_VERSION = 4.2;
				TARGETED_DEVICE_FAMILY = "1,2";
				TEST_HOST = "$(BUILT_PRODUCTS_DIR)/app1.app/app1";
			};
			name = Release;
		};
		7F8E0B6520528119008F972A /* Debug */ = {
			isa = XCBuildConfiguration;
			buildSettings = {
				ALWAYS_EMBED_SWIFT_STANDARD_LIBRARIES = YES;
				CODE_SIGN_STYLE = Automatic;
				INFOPLIST_FILE = app1UITests/Info.plist;
				LD_RUNPATH_SEARCH_PATHS = "$(inherited) @executable_path/Frameworks @loader_path/Frameworks";
				PRODUCT_BUNDLE_IDENTIFIER = com.tonytekinsights.app1UITests;
				PRODUCT_NAME = "$(TARGET_NAME)";
				SWIFT_VERSION = 4.2;
				TARGETED_DEVICE_FAMILY = "1,2";
				TEST_TARGET_NAME = app1;
			};
			name = Debug;
		};
		7F8E0B6620528119008F972A /* Release */ = {
			isa = XCBuildConfiguration;
			buildSettings = {
				ALWAYS_EMBED_SWIFT_STANDARD_LIBRARIES = YES;
				CODE_SIGN_STYLE = Automatic;
				INFOPLIST_FILE = app1UITests/Info.plist;
				LD_RUNPATH_SEARCH_PATHS = "$(inherited) @executable_path/Frameworks @loader_path/Frameworks";
				PRODUCT_BUNDLE_IDENTIFIER = com.tonytekinsights.app1UITests;
				PRODUCT_NAME = "$(TARGET_NAME)";
				SWIFT_VERSION = 4.2;
				TARGETED_DEVICE_FAMILY = "1,2";
				TEST_TARGET_NAME = app1;
			};
			name = Release;
		};
/* End XCBuildConfiguration section */

/* Begin XCConfigurationList section */
		7F8E0B2F20528119008F972A /* Build configuration list for PBXProject "app1" */ = {
			isa = XCConfigurationList;
			buildConfigurations = (
				7F8E0B5C20528119008F972A /* Debug */,
				7F8E0B5D20528119008F972A /* Release */,
			);
			defaultConfigurationIsVisible = 0;
			defaultConfigurationName = Release;
		};
		7F8E0B5E20528119008F972A /* Build configuration list for PBXNativeTarget "app1" */ = {
			isa = XCConfigurationList;
			buildConfigurations = (
				7F8E0B5F20528119008F972A /* Debug */,
				7F8E0B6020528119008F972A /* Release */,
			);
			defaultConfigurationIsVisible = 0;
			defaultConfigurationName = Release;
		};
		7F8E0B6120528119008F972A /* Build configuration list for PBXNativeTarget "app1Tests" */ = {
			isa = XCConfigurationList;
			buildConfigurations = (
				7F8E0B6220528119008F972A /* Debug */,
				7F8E0B6320528119008F972A /* Release */,
			);
			defaultConfigurationIsVisible = 0;
			defaultConfigurationName = Release;
		};
		7F8E0B6420528119008F972A /* Build configuration list for PBXNativeTarget "app1UITests" */ = {
			isa = XCConfigurationList;
			buildConfigurations = (
				7F8E0B6520528119008F972A /* Debug */,
				7F8E0B6620528119008F972A /* Release */,
			);
			defaultConfigurationIsVisible = 0;
			defaultConfigurationName = Release;
		};
/* End XCConfigurationList section */
	};
	rootObject = 7F8E0B2C20528119008F972A /* Project object */;
}
